// !$*UTF8*$!
{
	archiveVersion = 1;
	classes = {
	};
	objectVersion = 46;
	objects = {

/* Begin PBXBuildFile section */
		6F4745CB1B15B0FE001585B2 /* AppDelegate.swift in Sources */ = {isa = PBXBuildFile; fileRef = 6F4745CA1B15B0FE001585B2 /* AppDelegate.swift */; };
		6F4745CD1B15B0FE001585B2 /* ViewController.swift in Sources */ = {isa = PBXBuildFile; fileRef = 6F4745CC1B15B0FE001585B2 /* ViewController.swift */; };
		6F4745D01B15B0FE001585B2 /* Main.storyboard in Resources */ = {isa = PBXBuildFile; fileRef = 6F4745CE1B15B0FE001585B2 /* Main.storyboard */; };
		6F4745D21B15B0FE001585B2 /* Images.xcassets in Resources */ = {isa = PBXBuildFile; fileRef = 6F4745D11B15B0FE001585B2 /* Images.xcassets */; };
		6F4745D51B15B0FE001585B2 /* LaunchScreen.xib in Resources */ = {isa = PBXBuildFile; fileRef = 6F4745D31B15B0FE001585B2 /* LaunchScreen.xib */; };
		6F4745E11B15B0FE001585B2 /* FizzBuzz_testTests.swift in Sources */ = {isa = PBXBuildFile; fileRef = 6F4745E01B15B0FE001585B2 /* FizzBuzz_testTests.swift */; };
/* End PBXBuildFile section */

/* Begin PBXContainerItemProxy section */
		6F4745DB1B15B0FE001585B2 /* PBXContainerItemProxy */ = {
			isa = PBXContainerItemProxy;
			containerPortal = 6F4745BD1B15B0FD001585B2 /* Project object */;
			proxyType = 1;
			remoteGlobalIDString = 6F4745C41B15B0FE001585B2;
			remoteInfo = "FizzBuzz-test";
		};
/* End PBXContainerItemProxy section */

/* Begin PBXFileReference section */
		6F4745C51B15B0FE001585B2 /* FizzBuzz-test.app */ = {isa = PBXFileReference; explicitFileType = wrapper.application; includeInIndex = 0; path = "FizzBuzz-test.app"; sourceTree = BUILT_PRODUCTS_DIR; };
		6F4745C91B15B0FE001585B2 /* Info.plist */ = {isa = PBXFileReference; lastKnownFileType = text.plist.xml; path = Info.plist; sourceTree = "<group>"; };
		6F4745CA1B15B0FE001585B2 /* AppDelegate.swift */ = {isa = PBXFileReference; lastKnownFileType = sourcecode.swift; path = AppDelegate.swift; sourceTree = "<group>"; };
		6F4745CC1B15B0FE001585B2 /* ViewController.swift */ = {isa = PBXFileReference; lastKnownFileType = sourcecode.swift; path = ViewController.swift; sourceTree = "<group>"; };
		6F4745CF1B15B0FE001585B2 /* Base */ = {isa = PBXFileReference; lastKnownFileType = file.storyboard; name = Base; path = Base.lproj/Main.storyboard; sourceTree = "<group>"; };
		6F4745D11B15B0FE001585B2 /* Images.xcassets */ = {isa = PBXFileReference; lastKnownFileType = folder.assetcatalog; path = Images.xcassets; sourceTree = "<group>"; };
		6F4745D41B15B0FE001585B2 /* Base */ = {isa = PBXFileReference; lastKnownFileType = file.xib; name = Base; path = Base.lproj/LaunchScreen.xib; sourceTree = "<group>"; };
		6F4745DA1B15B0FE001585B2 /* FizzBuzz-testTests.xctest */ = {isa = PBXFileReference; explicitFileType = wrapper.cfbundle; includeInIndex = 0; path = "FizzBuzz-testTests.xctest"; sourceTree = BUILT_PRODUCTS_DIR; };
		6F4745DF1B15B0FE001585B2 /* Info.plist */ = {isa = PBXFileReference; lastKnownFileType = text.plist.xml; path = Info.plist; sourceTree = "<group>"; };
		6F4745E01B15B0FE001585B2 /* FizzBuzz_testTests.swift */ = {isa = PBXFileReference; lastKnownFileType = sourcecode.swift; path = FizzBuzz_testTests.swift; sourceTree = "<group>"; };
/* End PBXFileReference section */

/* Begin PBXFrameworksBuildPhase section */
		6F4745C21B15B0FE001585B2 /* Frameworks */ = {
			isa = PBXFrameworksBuildPhase;
			buildActionMask = 2147483647;
			files = (
			);
			runOnlyForDeploymentPostprocessing = 0;
		};
		6F4745D71B15B0FE001585B2 /* Frameworks */ = {
			isa = PBXFrameworksBuildPhase;
			buildActionMask = 2147483647;
			files = (
			);
			runOnlyForDeploymentPostprocessing = 0;
		};
/* End PBXFrameworksBuildPhase section */

/* Begin PBXGroup section */
		6F4745BC1B15B0FD001585B2 = {
			isa = PBXGroup;
			children = (
				6F4745C71B15B0FE001585B2 /* FizzBuzz-test */,
				6F4745DD1B15B0FE001585B2 /* FizzBuzz-testTests */,
				6F4745C61B15B0FE001585B2 /* Products */,
			);
			sourceTree = "<group>";
		};
		6F4745C61B15B0FE001585B2 /* Products */ = {
			isa = PBXGroup;
			children = (
				6F4745C51B15B0FE001585B2 /* FizzBuzz-test.app */,
				6F4745DA1B15B0FE001585B2 /* FizzBuzz-testTests.xctest */,
			);
			name = Products;
			sourceTree = "<group>";
		};
		6F4745C71B15B0FE001585B2 /* FizzBuzz-test */ = {
			isa = PBXGroup;
			children = (
				6F4745CA1B15B0FE001585B2 /* AppDelegate.swift */,
				6F4745CC1B15B0FE001585B2 /* ViewController.swift */,
				6F4745CE1B15B0FE001585B2 /* Main.storyboard */,
				6F4745D11B15B0FE001585B2 /* Images.xcassets */,
				6F4745D31B15B0FE001585B2 /* LaunchScreen.xib */,
				6F4745C81B15B0FE001585B2 /* Supporting Files */,
			);
			path = "FizzBuzz-test";
			sourceTree = "<group>";
		};
		6F4745C81B15B0FE001585B2 /* Supporting Files */ = {
			isa = PBXGroup;
			children = (
				6F4745C91B15B0FE001585B2 /* Info.plist */,
			);
			name = "Supporting Files";
			sourceTree = "<group>";
		};
		6F4745DD1B15B0FE001585B2 /* FizzBuzz-testTests */ = {
			isa = PBXGroup;
			children = (
				6F4745E01B15B0FE001585B2 /* FizzBuzz_testTests.swift */,
				6F4745DE1B15B0FE001585B2 /* Supporting Files */,
			);
			path = "FizzBuzz-testTests";
			sourceTree = "<group>";
		};
		6F4745DE1B15B0FE001585B2 /* Supporting Files */ = {
			isa = PBXGroup;
			children = (
				6F4745DF1B15B0FE001585B2 /* Info.plist */,
			);
			name = "Supporting Files";
			sourceTree = "<group>";
		};
/* End PBXGroup section */

/* Begin PBXNativeTarget section */
		6F4745C41B15B0FE001585B2 /* FizzBuzz-test */ = {
			isa = PBXNativeTarget;
			buildConfigurationList = 6F4745E41B15B0FE001585B2 /* Build configuration list for PBXNativeTarget "FizzBuzz-test" */;
			buildPhases = (
				6F4745C11B15B0FE001585B2 /* Sources */,
				6F4745C21B15B0FE001585B2 /* Frameworks */,
				6F4745C31B15B0FE001585B2 /* Resources */,
			);
			buildRules = (
			);
			dependencies = (
			);
			name = "FizzBuzz-test";
			productName = "FizzBuzz-test";
			productReference = 6F4745C51B15B0FE001585B2 /* FizzBuzz-test.app */;
			productType = "com.apple.product-type.application";
		};
		6F4745D91B15B0FE001585B2 /* FizzBuzz-testTests */ = {
			isa = PBXNativeTarget;
			buildConfigurationList = 6F4745E71B15B0FE001585B2 /* Build configuration list for PBXNativeTarget "FizzBuzz-testTests" */;
			buildPhases = (
				6F4745D61B15B0FE001585B2 /* Sources */,
				6F4745D71B15B0FE001585B2 /* Frameworks */,
				6F4745D81B15B0FE001585B2 /* Resources */,
			);
			buildRules = (
			);
			dependencies = (
				6F4745DC1B15B0FE001585B2 /* PBXTargetDependency */,
			);
			name = "FizzBuzz-testTests";
			productName = "FizzBuzz-testTests";
			productReference = 6F4745DA1B15B0FE001585B2 /* FizzBuzz-testTests.xctest */;
			productType = "com.apple.product-type.bundle.unit-test";
		};
/* End PBXNativeTarget section */

/* Begin PBXProject section */
		6F4745BD1B15B0FD001585B2 /* Project object */ = {
			isa = PBXProject;
			attributes = {
				LastUpgradeCheck = 0630;
				ORGANIZATIONNAME = "takayuki abe";
				TargetAttributes = {
					6F4745C41B15B0FE001585B2 = {
						CreatedOnToolsVersion = 6.3.1;
					};
					6F4745D91B15B0FE001585B2 = {
						CreatedOnToolsVersion = 6.3.1;
						TestTargetID = 6F4745C41B15B0FE001585B2;
					};
				};
			};
			buildConfigurationList = 6F4745C01B15B0FD001585B2 /* Build configuration list for PBXProject "FizzBuzz-test" */;
			compatibilityVersion = "Xcode 3.2";
			developmentRegion = English;
			hasScannedForEncodings = 0;
			knownRegions = (
				en,
				Base,
			);
			mainGroup = 6F4745BC1B15B0FD001585B2;
			productRefGroup = 6F4745C61B15B0FE001585B2 /* Products */;
			projectDirPath = "";
			projectRoot = "";
			targets = (
				6F4745C41B15B0FE001585B2 /* FizzBuzz-test */,
				6F4745D91B15B0FE001585B2 /* FizzBuzz-testTests */,
			);
		};
/* End PBXProject section */

/* Begin PBXResourcesBuildPhase section */
		6F4745C31B15B0FE001585B2 /* Resources */ = {
			isa = PBXResourcesBuildPhase;
			buildActionMask = 2147483647;
			files = (
				6F4745D01B15B0FE001585B2 /* Main.storyboard in Resources */,
				6F4745D51B15B0FE001585B2 /* LaunchScreen.xib in Resources */,
				6F4745D21B15B0FE001585B2 /* Images.xcassets in Resources */,
			);
			runOnlyForDeploymentPostprocessing = 0;
		};
		6F4745D81B15B0FE001585B2 /* Resources */ = {
			isa = PBXResourcesBuildPhase;
			buildActionMask = 2147483647;
			files = (
			);
			runOnlyForDeploymentPostprocessing = 0;
		};
/* End PBXResourcesBuildPhase section */

/* Begin PBXSourcesBuildPhase section */
		6F4745C11B15B0FE001585B2 /* Sources */ = {
			isa = PBXSourcesBuildPhase;
			buildActionMask = 2147483647;
			files = (
				6F4745CD1B15B0FE001585B2 /* ViewController.swift in Sources */,
				6F4745CB1B15B0FE001585B2 /* AppDelegate.swift in Sources */,
			);
			runOnlyForDeploymentPostprocessing = 0;
		};
		6F4745D61B15B0FE001585B2 /* Sources */ = {
			isa = PBXSourcesBuildPhase;
			buildActionMask = 2147483647;
			files = (
				6F4745E11B15B0FE001585B2 /* FizzBuzz_testTests.swift in Sources */,
			);
			runOnlyForDeploymentPostprocessing = 0;
		};
/* End PBXSourcesBuildPhase section */

/* Begin PBXTargetDependency section */
		6F4745DC1B15B0FE001585B2 /* PBXTargetDependency */ = {
			isa = PBXTargetDependency;
			target = 6F4745C41B15B0FE001585B2 /* FizzBuzz-test */;
			targetProxy = 6F4745DB1B15B0FE001585B2 /* PBXContainerItemProxy */;
		};
/* End PBXTargetDependency section */

/* Begin PBXVariantGroup section */
		6F4745CE1B15B0FE001585B2 /* Main.storyboard */ = {
			isa = PBXVariantGroup;
			children = (
				6F4745CF1B15B0FE001585B2 /* Base */,
			);
			name = Main.storyboard;
			sourceTree = "<group>";
		};
		6F4745D31B15B0FE001585B2 /* LaunchScreen.xib */ = {
			isa = PBXVariantGroup;
			children = (
				6F4745D41B15B0FE001585B2 /* Base */,
			);
			name = LaunchScreen.xib;
			sourceTree = "<group>";
		};
/* End PBXVariantGroup section */

/* Begin XCBuildConfiguration section */
		6F4745E21B15B0FE001585B2 /* Debug */ = {
			isa = XCBuildConfiguration;
			buildSettings = {
				ALWAYS_SEARCH_USER_PATHS = NO;
				CLANG_CXX_LANGUAGE_STANDARD = "gnu++0x";
				CLANG_CXX_LIBRARY = "libc++";
				CLANG_ENABLE_MODULES = YES;
				CLANG_ENABLE_OBJC_ARC = YES;
				CLANG_WARN_BOOL_CONVERSION = YES;
				CLANG_WARN_CONSTANT_CONVERSION = YES;
				CLANG_WARN_DIRECT_OBJC_ISA_USAGE = YES_ERROR;
				CLANG_WARN_EMPTY_BODY = YES;
				CLANG_WARN_ENUM_CONVERSION = YES;
				CLANG_WARN_INT_CONVERSION = YES;
				CLANG_WARN_OBJC_ROOT_CLASS = YES_ERROR;
				CLANG_WARN_UNREACHABLE_CODE = YES;
				CLANG_WARN__DUPLICATE_METHOD_MATCH = YES;
				"CODE_SIGN_IDENTITY[sdk=iphoneos*]" = "iPhone Developer";
				COPY_PHASE_STRIP = NO;
				DEBUG_INFORMATION_FORMAT = "dwarf-with-dsym";
				ENABLE_STRICT_OBJC_MSGSEND = YES;
				GCC_C_LANGUAGE_STANDARD = gnu99;
				GCC_DYNAMIC_NO_PIC = NO;
				GCC_NO_COMMON_BLOCKS = YES;
				GCC_OPTIMIZATION_LEVEL = 0;
				GCC_PREPROCESSOR_DEFINITIONS = (
					"DEBUG=1",
					"$(inherited)",
				);
				GCC_SYMBOLS_PRIVATE_EXTERN = NO;
				GCC_WARN_64_TO_32_BIT_CONVERSION = YES;
				GCC_WARN_ABOUT_RETURN_TYPE = YES_ERROR;
				GCC_WARN_UNDECLARED_SELECTOR = YES;
				GCC_WARN_UNINITIALIZED_AUTOS = YES_AGGRESSIVE;
				GCC_WARN_UNUSED_FUNCTION = YES;
				GCC_WARN_UNUSED_VARIABLE = YES;
				IPHONEOS_DEPLOYMENT_TARGET = 8.3;
				MTL_ENABLE_DEBUG_INFO = YES;
				ONLY_ACTIVE_ARCH = YES;
				SDKROOT = iphoneos;
				SWIFT_OPTIMIZATION_LEVEL = "-Onone";
				TARGETED_DEVICE_FAMILY = 2;
			};
			name = Debug;
		};
		6F4745E31B15B0FE001585B2 /* Release */ = {
			isa = XCBuildConfiguration;
			buildSettings = {
				ALWAYS_SEARCH_USER_PATHS = NO;
				CLANG_CXX_LANGUAGE_STANDARD = "gnu++0x";
				CLANG_CXX_LIBRARY = "libc++";
				CLANG_ENABLE_MODULES = YES;
				CLANG_ENABLE_OBJC_ARC = YES;
				CLANG_WARN_BOOL_CONVERSION = YES;
				CLANG_WARN_CONSTANT_CONVERSION = YES;
				CLANG_WARN_DIRECT_OBJC_ISA_USAGE = YES_ERROR;
				CLANG_WARN_EMPTY_BODY = YES;
				CLANG_WARN_ENUM_CONVERSION = YES;
				CLANG_WARN_INT_CONVERSION = YES;
				CLANG_WARN_OBJC_ROOT_CLASS = YES_ERROR;
				CLANG_WARN_UNREACHABLE_CODE = YES;
				CLANG_WARN__DUPLICATE_METHOD_MATCH = YES;
				"CODE_SIGN_IDENTITY[sdk=iphoneos*]" = "iPhone Developer";
				COPY_PHASE_STRIP = NO;
				DEBUG_INFORMATION_FORMAT = "dwarf-with-dsym";
				ENABLE_NS_ASSERTIONS = NO;
				ENABLE_STRICT_OBJC_MSGSEND = YES;
				GCC_C_LANGUAGE_STANDARD = gnu99;
				GCC_NO_COMMON_BLOCKS = YES;
				GCC_WARN_64_TO_32_BIT_CONVERSION = YES;
				GCC_WARN_ABOUT_RETURN_TYPE = YES_ERROR;
				GCC_WARN_UNDECLARED_SELECTOR = YES;
				GCC_WARN_UNINITIALIZED_AUTOS = YES_AGGRESSIVE;
				GCC_WARN_UNUSED_FUNCTION = YES;
				GCC_WARN_UNUSED_VARIABLE = YES;
				IPHONEOS_DEPLOYMENT_TARGET = 8.3;
				MTL_ENABLE_DEBUG_INFO = NO;
				SDKROOT = iphoneos;
				TARGETED_DEVICE_FAMILY = 2;
				VALIDATE_PRODUCT = YES;
			};
			name = Release;
		};
		6F4745E51B15B0FE001585B2 /* Debug */ = {
			isa = XCBuildConfiguration;
			buildSettings = {
				ASSETCATALOG_COMPILER_APPICON_NAME = AppIcon;
				INFOPLIST_FILE = "FizzBuzz-test/Info.plist";
				LD_RUNPATH_SEARCH_PATHS = "$(inherited) @executable_path/Frameworks";
				PRODUCT_NAME = "$(TARGET_NAME)";
			};
			name = Debug;
		};
		6F4745E61B15B0FE001585B2 /* Release */ = {
			isa = XCBuildConfiguration;
			buildSettings = {
				ASSETCATALOG_COMPILER_APPICON_NAME = AppIcon;
				INFOPLIST_FILE = "FizzBuzz-test/Info.plist";
				LD_RUNPATH_SEARCH_PATHS = "$(inherited) @executable_path/Frameworks";
				PRODUCT_NAME = "$(TARGET_NAME)";
			};
			name = Release;
		};
		6F4745E81B15B0FE001585B2 /* Debug */ = {
			isa = XCBuildConfiguration;
			buildSettings = {
				BUNDLE_LOADER = "$(TEST_HOST)";
				FRAMEWORK_SEARCH_PATHS = (
					"$(SDKROOT)/Developer/Library/Frameworks",
					"$(inherited)",
				);
				GCC_PREPROCESSOR_DEFINITIONS = (
					"DEBUG=1",
					"$(inherited)",
				);
				INFOPLIST_FILE = "FizzBuzz-testTests/Info.plist";
				LD_RUNPATH_SEARCH_PATHS = "$(inherited) @executable_path/Frameworks @loader_path/Frameworks";
				PRODUCT_NAME = "$(TARGET_NAME)";
				TEST_HOST = "$(BUILT_PRODUCTS_DIR)/FizzBuzz-test.app/FizzBuzz-test";
			};
			name = Debug;
		};
		6F4745E91B15B0FE001585B2 /* Release */ = {
			isa = XCBuildConfiguration;
			buildSettings = {
				BUNDLE_LOADER = "$(TEST_HOST)";
				FRAMEWORK_SEARCH_PATHS = (
					"$(SDKROOT)/Developer/Library/Frameworks",
					"$(inherited)",
				);
				INFOPLIST_FILE = "FizzBuzz-testTests/Info.plist";
				LD_RUNPATH_SEARCH_PATHS = "$(inherited) @executable_path/Frameworks @loader_path/Frameworks";
				PRODUCT_NAME = "$(TARGET_NAME)";
				TEST_HOST = "$(BUILT_PRODUCTS_DIR)/FizzBuzz-test.app/FizzBuzz-test";
			};
			name = Release;
		};
/* End XCBuildConfiguration section */

/* Begin XCConfigurationList section */
		6F4745C01B15B0FD001585B2 /* Build configuration list for PBXProject "FizzBuzz-test" */ = {
			isa = XCConfigurationList;
			buildConfigurations = (
				6F4745E21B15B0FE001585B2 /* Debug */,
				6F4745E31B15B0FE001585B2 /* Release */,
			);
			defaultConfigurationIsVisible = 0;
			defaultConfigurationName = Release;
		};
		6F4745E41B15B0FE001585B2 /* Build configuration list for PBXNativeTarget "FizzBuzz-test" */ = {
			isa = XCConfigurationList;
			buildConfigurations = (
				6F4745E51B15B0FE001585B2 /* Debug */,
				6F4745E61B15B0FE001585B2 /* Release */,
			);
			defaultConfigurationIsVisible = 0;
		};
		6F4745E71B15B0FE001585B2 /* Build configuration list for PBXNativeTarget "FizzBuzz-testTests" */ = {
			isa = XCConfigurationList;
			buildConfigurations = (
				6F4745E81B15B0FE001585B2 /* Debug */,
				6F4745E91B15B0FE001585B2 /* Release */,
			);
			defaultConfigurationIsVisible = 0;
		};
/* End XCConfigurationList section */
	};
	rootObject = 6F4745BD1B15B0FD001585B2 /* Project object */;
}
